// !$*UTF8*$!
{
	archiveVersion = 1;
	classes = {
	};
	objectVersion = 50;
	objects = {

/* Begin PBXBuildFile section */
		681BD4E721509651007223D6 /* AppDelegate.swift in Sources */ = {isa = PBXBuildFile; fileRef = 681BD4E621509651007223D6 /* AppDelegate.swift */; };
		681BD4EE21509652007223D6 /* Assets.xcassets in Resources */ = {isa = PBXBuildFile; fileRef = 681BD4ED21509652007223D6 /* Assets.xcassets */; };
		681BD4F121509652007223D6 /* LaunchScreen.storyboard in Resources */ = {isa = PBXBuildFile; fileRef = 681BD4EF21509652007223D6 /* LaunchScreen.storyboard */; };
		681BD4FC21509652007223D6 /* NZQBaseKitTests.swift in Sources */ = {isa = PBXBuildFile; fileRef = 681BD4FB21509652007223D6 /* NZQBaseKitTests.swift */; };
		681BD50721509652007223D6 /* NZQBaseKitUITests.swift in Sources */ = {isa = PBXBuildFile; fileRef = 681BD50621509652007223D6 /* NZQBaseKitUITests.swift */; };
		6835DC632151E5F000DB7A48 /* ExampleViewController.swift in Sources */ = {isa = PBXBuildFile; fileRef = 6835DC622151E5F000DB7A48 /* ExampleViewController.swift */; };
		6835DC6C2151F1AA00DB7A48 /* NZQThirdPartyLoad.swift in Sources */ = {isa = PBXBuildFile; fileRef = 6835DC6B2151F1AA00DB7A48 /* NZQThirdPartyLoad.swift */; };
		6835DC732152375C00DB7A48 /* NZQNetworkTool.swift in Sources */ = {isa = PBXBuildFile; fileRef = 6835DC722152375C00DB7A48 /* NZQNetworkTool.swift */; };
		684F61A42150FCA60042F7DC /* NZQTabBarController.swift in Sources */ = {isa = PBXBuildFile; fileRef = 684F61A32150FCA60042F7DC /* NZQTabBarController.swift */; };
		68CA7EE121534EBD00A1F299 /* NZQFoundationDemo.swift in Sources */ = {isa = PBXBuildFile; fileRef = 68CA7EE021534EBD00A1F299 /* NZQFoundationDemo.swift */; };
		68CA7F162153959700A1F299 /* UIViewControllerExtensions.swift in Sources */ = {isa = PBXBuildFile; fileRef = 68CA7EE22153959200A1F299 /* UIViewControllerExtensions.swift */; };
		68CA7F172153959700A1F299 /* BlockButton.swift in Sources */ = {isa = PBXBuildFile; fileRef = 68CA7EE32153959200A1F299 /* BlockButton.swift */; };
		68CA7F182153959700A1F299 /* BlockTap.swift in Sources */ = {isa = PBXBuildFile; fileRef = 68CA7EE42153959200A1F299 /* BlockTap.swift */; };
		68CA7F192153959700A1F299 /* BlockPinch.swift in Sources */ = {isa = PBXBuildFile; fileRef = 68CA7EE52153959200A1F299 /* BlockPinch.swift */; };
		68CA7F1A2153959700A1F299 /* UserDefaultsExtension.swift in Sources */ = {isa = PBXBuildFile; fileRef = 68CA7EE62153959200A1F299 /* UserDefaultsExtension.swift */; };
		68CA7F1B2153959700A1F299 /* BundleExtensions.swift in Sources */ = {isa = PBXBuildFile; fileRef = 68CA7EE72153959200A1F299 /* BundleExtensions.swift */; };
		68CA7F1C2153959700A1F299 /* CGPointExtensions.swift in Sources */ = {isa = PBXBuildFile; fileRef = 68CA7EE82153959200A1F299 /* CGPointExtensions.swift */; };
		68CA7F1D2153959700A1F299 /* StringExtensions.swift in Sources */ = {isa = PBXBuildFile; fileRef = 68CA7EE92153959200A1F299 /* StringExtensions.swift */; };
		68CA7F1E2153959700A1F299 /* BlockLongPress.swift in Sources */ = {isa = PBXBuildFile; fileRef = 68CA7EEA2153959200A1F299 /* BlockLongPress.swift */; };
		68CA7F1F2153959700A1F299 /* DictionaryExtensions.swift in Sources */ = {isa = PBXBuildFile; fileRef = 68CA7EEB2153959200A1F299 /* DictionaryExtensions.swift */; };
		68CA7F202153959700A1F299 /* UIWindowExtensions.swift in Sources */ = {isa = PBXBuildFile; fileRef = 68CA7EEC2153959300A1F299 /* UIWindowExtensions.swift */; };
		68CA7F212153959700A1F299 /* UIButtonExtensions.swift in Sources */ = {isa = PBXBuildFile; fileRef = 68CA7EED2153959300A1F299 /* UIButtonExtensions.swift */; };
		68CA7F222153959700A1F299 /* UIApplicationExtensions.swift in Sources */ = {isa = PBXBuildFile; fileRef = 68CA7EEE2153959300A1F299 /* UIApplicationExtensions.swift */; };
		68CA7F232153959700A1F299 /* UIDeviceExtensions.swift in Sources */ = {isa = PBXBuildFile; fileRef = 68CA7EEF2153959300A1F299 /* UIDeviceExtensions.swift */; };
		68CA7F242153959700A1F299 /* FileManagerExtension.swift in Sources */ = {isa = PBXBuildFile; fileRef = 68CA7EF02153959300A1F299 /* FileManagerExtension.swift */; };
		68CA7F252153959700A1F299 /* DoubleExtensions.swift in Sources */ = {isa = PBXBuildFile; fileRef = 68CA7EF12153959300A1F299 /* DoubleExtensions.swift */; };
		68CA7F262153959700A1F299 /* FloatingPointExtensions.swift in Sources */ = {isa = PBXBuildFile; fileRef = 68CA7EF22153959300A1F299 /* FloatingPointExtensions.swift */; };
		68CA7F272153959700A1F299 /* NSObjectExtensions.swift in Sources */ = {isa = PBXBuildFile; fileRef = 68CA7EF32153959300A1F299 /* NSObjectExtensions.swift */; };
		68CA7F282153959700A1F299 /* UITextFieldExtensions.swift in Sources */ = {isa = PBXBuildFile; fileRef = 68CA7EF42153959300A1F299 /* UITextFieldExtensions.swift */; };
		68CA7F292153959700A1F299 /* DateExtensions.swift in Sources */ = {isa = PBXBuildFile; fileRef = 68CA7EF52153959300A1F299 /* DateExtensions.swift */; };
		68CA7F2A2153959700A1F299 /* UISwitchExtensions.swift in Sources */ = {isa = PBXBuildFile; fileRef = 68CA7EF62153959300A1F299 /* UISwitchExtensions.swift */; };
		68CA7F2B2153959700A1F299 /* CGFloatExtensions.swift in Sources */ = {isa = PBXBuildFile; fileRef = 68CA7EF72153959400A1F299 /* CGFloatExtensions.swift */; };
		68CA7F2C2153959700A1F299 /* UIColorExtensions.swift in Sources */ = {isa = PBXBuildFile; fileRef = 68CA7EF82153959400A1F299 /* UIColorExtensions.swift */; };
		68CA7F2D2153959700A1F299 /* NSDictionaryExtensions.swift in Sources */ = {isa = PBXBuildFile; fileRef = 68CA7EF92153959400A1F299 /* NSDictionaryExtensions.swift */; };
		68CA7F2E2153959700A1F299 /* UIViewExtensions.swift in Sources */ = {isa = PBXBuildFile; fileRef = 68CA7EFA2153959400A1F299 /* UIViewExtensions.swift */; };
		68CA7F2F2153959700A1F299 /* CharacterExtensions.swift in Sources */ = {isa = PBXBuildFile; fileRef = 68CA7EFB2153959400A1F299 /* CharacterExtensions.swift */; };
		68CA7F302153959700A1F299 /* UIImageExtensions.swift in Sources */ = {isa = PBXBuildFile; fileRef = 68CA7EFC2153959400A1F299 /* UIImageExtensions.swift */; };
		68CA7F312153959700A1F299 /* EZSwiftFunctions.swift in Sources */ = {isa = PBXBuildFile; fileRef = 68CA7EFD2153959400A1F299 /* EZSwiftFunctions.swift */; };
		68CA7F322153959700A1F299 /* UIUserInterfaceSizeClassExtensions.swift in Sources */ = {isa = PBXBuildFile; fileRef = 68CA7EFE2153959400A1F299 /* UIUserInterfaceSizeClassExtensions.swift */; };
		68CA7F332153959700A1F299 /* TimePassed.swift in Sources */ = {isa = PBXBuildFile; fileRef = 68CA7EFF2153959400A1F299 /* TimePassed.swift */; };
		68CA7F342153959700A1F299 /* UIFontExtensions.swift in Sources */ = {isa = PBXBuildFile; fileRef = 68CA7F002153959400A1F299 /* UIFontExtensions.swift */; };
		68CA7F352153959700A1F299 /* IntExtensions.swift in Sources */ = {isa = PBXBuildFile; fileRef = 68CA7F012153959400A1F299 /* IntExtensions.swift */; };
		68CA7F362153959700A1F299 /* UIAlertControllerExtensions.swift in Sources */ = {isa = PBXBuildFile; fileRef = 68CA7F022153959500A1F299 /* UIAlertControllerExtensions.swift */; };
		68CA7F372153959700A1F299 /* ArrayExtensions.swift in Sources */ = {isa = PBXBuildFile; fileRef = 68CA7F032153959500A1F299 /* ArrayExtensions.swift */; };
		68CA7F382153959700A1F299 /* UIBarButtonItemExtensions.swift in Sources */ = {isa = PBXBuildFile; fileRef = 68CA7F042153959500A1F299 /* UIBarButtonItemExtensions.swift */; };
		68CA7F392153959700A1F299 /* UIColoredView.swift in Sources */ = {isa = PBXBuildFile; fileRef = 68CA7F052153959500A1F299 /* UIColoredView.swift */; };
		68CA7F3A2153959700A1F299 /* BlockPan.swift in Sources */ = {isa = PBXBuildFile; fileRef = 68CA7F062153959500A1F299 /* BlockPan.swift */; };
		68CA7F3B2153959700A1F299 /* UITextViewExtensions.swift in Sources */ = {isa = PBXBuildFile; fileRef = 68CA7F072153959500A1F299 /* UITextViewExtensions.swift */; };
		68CA7F3C2153959700A1F299 /* UILabelExtensions.swift in Sources */ = {isa = PBXBuildFile; fileRef = 68CA7F082153959500A1F299 /* UILabelExtensions.swift */; };
		68CA7F3D2153959700A1F299 /* TimerExtensions.swift in Sources */ = {isa = PBXBuildFile; fileRef = 68CA7F092153959500A1F299 /* TimerExtensions.swift */; };
		68CA7F3E2153959700A1F299 /* ErrorTypeExtensions.swift in Sources */ = {isa = PBXBuildFile; fileRef = 68CA7F0A2153959600A1F299 /* ErrorTypeExtensions.swift */; };
		68CA7F3F2153959700A1F299 /* NSAttributedStringExtensions.swift in Sources */ = {isa = PBXBuildFile; fileRef = 68CA7F0B2153959600A1F299 /* NSAttributedStringExtensions.swift */; };
		68CA7F402153959700A1F299 /* CollectionsExtension.swift in Sources */ = {isa = PBXBuildFile; fileRef = 68CA7F0C2153959600A1F299 /* CollectionsExtension.swift */; };
		68CA7F412153959700A1F299 /* UIEdgeInsets.swift in Sources */ = {isa = PBXBuildFile; fileRef = 68CA7F0D2153959600A1F299 /* UIEdgeInsets.swift */; };
		68CA7F422153959700A1F299 /* BoolExtensions.swift in Sources */ = {isa = PBXBuildFile; fileRef = 68CA7F0E2153959600A1F299 /* BoolExtensions.swift */; };
		68CA7F432153959700A1F299 /* BlockWebView.swift in Sources */ = {isa = PBXBuildFile; fileRef = 68CA7F0F2153959600A1F299 /* BlockWebView.swift */; };
		68CA7F442153959700A1F299 /* UISliderExtensions.swift in Sources */ = {isa = PBXBuildFile; fileRef = 68CA7F102153959700A1F299 /* UISliderExtensions.swift */; };
		68CA7F452153959700A1F299 /* URLExtensions.swift in Sources */ = {isa = PBXBuildFile; fileRef = 68CA7F112153959700A1F299 /* URLExtensions.swift */; };
		68CA7F462153959700A1F299 /* UIImageViewExtensions.swift in Sources */ = {isa = PBXBuildFile; fileRef = 68CA7F122153959700A1F299 /* UIImageViewExtensions.swift */; };
		68CA7F472153959700A1F299 /* BlockSwipe.swift in Sources */ = {isa = PBXBuildFile; fileRef = 68CA7F132153959700A1F299 /* BlockSwipe.swift */; };
		68CA7F482153959700A1F299 /* UIStoryboardExtensions.swift in Sources */ = {isa = PBXBuildFile; fileRef = 68CA7F142153959700A1F299 /* UIStoryboardExtensions.swift */; };
		68CA7F492153959700A1F299 /* CGRectExtensions.swift in Sources */ = {isa = PBXBuildFile; fileRef = 68CA7F152153959700A1F299 /* CGRectExtensions.swift */; };
		A552DE81F712C47E8F00D2DA /* Pods_NZQBaseKitTests.framework in Frameworks */ = {isa = PBXBuildFile; fileRef = 3DF47182B64F9847BF39B2D4 /* Pods_NZQBaseKitTests.framework */; };
		B17BAD26DC7A216B7399C3D5 /* Pods_NZQBaseKit.framework in Frameworks */ = {isa = PBXBuildFile; fileRef = 232AD766043D1C62D58F31E2 /* Pods_NZQBaseKit.framework */; };
/* End PBXBuildFile section */

/* Begin PBXContainerItemProxy section */
		681BD4F821509652007223D6 /* PBXContainerItemProxy */ = {
			isa = PBXContainerItemProxy;
			containerPortal = 681BD4DB21509651007223D6 /* Project object */;
			proxyType = 1;
			remoteGlobalIDString = 681BD4E221509651007223D6;
			remoteInfo = NZQBaseKit;
		};
		681BD50321509652007223D6 /* PBXContainerItemProxy */ = {
			isa = PBXContainerItemProxy;
			containerPortal = 681BD4DB21509651007223D6 /* Project object */;
			proxyType = 1;
			remoteGlobalIDString = 681BD4E221509651007223D6;
			remoteInfo = NZQBaseKit;
		};
/* End PBXContainerItemProxy section */

/* Begin PBXFileReference section */
		0AC995D3119AED0A3318CA5F /* Pods-NZQBaseKit.debug.xcconfig */ = {isa = PBXFileReference; includeInIndex = 1; lastKnownFileType = text.xcconfig; name = "Pods-NZQBaseKit.debug.xcconfig"; path = "Pods/Target Support Files/Pods-NZQBaseKit/Pods-NZQBaseKit.debug.xcconfig"; sourceTree = "<group>"; };
		232AD766043D1C62D58F31E2 /* Pods_NZQBaseKit.framework */ = {isa = PBXFileReference; explicitFileType = wrapper.framework; includeInIndex = 0; path = Pods_NZQBaseKit.framework; sourceTree = BUILT_PRODUCTS_DIR; };
		3DF47182B64F9847BF39B2D4 /* Pods_NZQBaseKitTests.framework */ = {isa = PBXFileReference; explicitFileType = wrapper.framework; includeInIndex = 0; path = Pods_NZQBaseKitTests.framework; sourceTree = BUILT_PRODUCTS_DIR; };
		681BD4E321509651007223D6 /* NZQBaseKit.app */ = {isa = PBXFileReference; explicitFileType = wrapper.application; includeInIndex = 0; path = NZQBaseKit.app; sourceTree = BUILT_PRODUCTS_DIR; };
		681BD4E621509651007223D6 /* AppDelegate.swift */ = {isa = PBXFileReference; lastKnownFileType = sourcecode.swift; path = AppDelegate.swift; sourceTree = "<group>"; };
		681BD4ED21509652007223D6 /* Assets.xcassets */ = {isa = PBXFileReference; lastKnownFileType = folder.assetcatalog; path = Assets.xcassets; sourceTree = "<group>"; };
		681BD4F021509652007223D6 /* Base */ = {isa = PBXFileReference; lastKnownFileType = file.storyboard; name = Base; path = Base.lproj/LaunchScreen.storyboard; sourceTree = "<group>"; };
		681BD4F221509652007223D6 /* Info.plist */ = {isa = PBXFileReference; lastKnownFileType = text.plist.xml; path = Info.plist; sourceTree = "<group>"; };
		681BD4F721509652007223D6 /* NZQBaseKitTests.xctest */ = {isa = PBXFileReference; explicitFileType = wrapper.cfbundle; includeInIndex = 0; path = NZQBaseKitTests.xctest; sourceTree = BUILT_PRODUCTS_DIR; };
		681BD4FB21509652007223D6 /* NZQBaseKitTests.swift */ = {isa = PBXFileReference; lastKnownFileType = sourcecode.swift; path = NZQBaseKitTests.swift; sourceTree = "<group>"; };
		681BD4FD21509652007223D6 /* Info.plist */ = {isa = PBXFileReference; lastKnownFileType = text.plist.xml; path = Info.plist; sourceTree = "<group>"; };
		681BD50221509652007223D6 /* NZQBaseKitUITests.xctest */ = {isa = PBXFileReference; explicitFileType = wrapper.cfbundle; includeInIndex = 0; path = NZQBaseKitUITests.xctest; sourceTree = BUILT_PRODUCTS_DIR; };
		681BD50621509652007223D6 /* NZQBaseKitUITests.swift */ = {isa = PBXFileReference; lastKnownFileType = sourcecode.swift; path = NZQBaseKitUITests.swift; sourceTree = "<group>"; };
		681BD50821509652007223D6 /* Info.plist */ = {isa = PBXFileReference; lastKnownFileType = text.plist.xml; path = Info.plist; sourceTree = "<group>"; };
		6835DC622151E5F000DB7A48 /* ExampleViewController.swift */ = {isa = PBXFileReference; lastKnownFileType = sourcecode.swift; path = ExampleViewController.swift; sourceTree = "<group>"; };
		6835DC6B2151F1AA00DB7A48 /* NZQThirdPartyLoad.swift */ = {isa = PBXFileReference; lastKnownFileType = sourcecode.swift; path = NZQThirdPartyLoad.swift; sourceTree = "<group>"; };
		6835DC722152375C00DB7A48 /* NZQNetworkTool.swift */ = {isa = PBXFileReference; lastKnownFileType = sourcecode.swift; path = NZQNetworkTool.swift; sourceTree = "<group>"; };
		684F61A32150FCA60042F7DC /* NZQTabBarController.swift */ = {isa = PBXFileReference; lastKnownFileType = sourcecode.swift; path = NZQTabBarController.swift; sourceTree = "<group>"; };
		68CA7EE021534EBD00A1F299 /* NZQFoundationDemo.swift */ = {isa = PBXFileReference; lastKnownFileType = sourcecode.swift; path = NZQFoundationDemo.swift; sourceTree = "<group>"; };
		68CA7EE22153959200A1F299 /* UIViewControllerExtensions.swift */ = {isa = PBXFileReference; fileEncoding = 4; lastKnownFileType = sourcecode.swift; path = UIViewControllerExtensions.swift; sourceTree = "<group>"; };
		68CA7EE32153959200A1F299 /* BlockButton.swift */ = {isa = PBXFileReference; fileEncoding = 4; lastKnownFileType = sourcecode.swift; path = BlockButton.swift; sourceTree = "<group>"; };
		68CA7EE42153959200A1F299 /* BlockTap.swift */ = {isa = PBXFileReference; fileEncoding = 4; lastKnownFileType = sourcecode.swift; path = BlockTap.swift; sourceTree = "<group>"; };
		68CA7EE52153959200A1F299 /* BlockPinch.swift */ = {isa = PBXFileReference; fileEncoding = 4; lastKnownFileType = sourcecode.swift; path = BlockPinch.swift; sourceTree = "<group>"; };
		68CA7EE62153959200A1F299 /* UserDefaultsExtension.swift */ = {isa = PBXFileReference; fileEncoding = 4; lastKnownFileType = sourcecode.swift; path = UserDefaultsExtension.swift; sourceTree = "<group>"; };
		68CA7EE72153959200A1F299 /* BundleExtensions.swift */ = {isa = PBXFileReference; fileEncoding = 4; lastKnownFileType = sourcecode.swift; path = BundleExtensions.swift; sourceTree = "<group>"; };
		68CA7EE82153959200A1F299 /* CGPointExtensions.swift */ = {isa = PBXFileReference; fileEncoding = 4; lastKnownFileType = sourcecode.swift; path = CGPointExtensions.swift; sourceTree = "<group>"; };
		68CA7EE92153959200A1F299 /* StringExtensions.swift */ = {isa = PBXFileReference; fileEncoding = 4; lastKnownFileType = sourcecode.swift; path = StringExtensions.swift; sourceTree = "<group>"; };
		68CA7EEA2153959200A1F299 /* BlockLongPress.swift */ = {isa = PBXFileReference; fileEncoding = 4; lastKnownFileType = sourcecode.swift; path = BlockLongPress.swift; sourceTree = "<group>"; };
		68CA7EEB2153959200A1F299 /* DictionaryExtensions.swift */ = {isa = PBXFileReference; fileEncoding = 4; lastKnownFileType = sourcecode.swift; path = DictionaryExtensions.swift; sourceTree = "<group>"; };
		68CA7EEC2153959300A1F299 /* UIWindowExtensions.swift */ = {isa = PBXFileReference; fileEncoding = 4; lastKnownFileType = sourcecode.swift; path = UIWindowExtensions.swift; sourceTree = "<group>"; };
		68CA7EED2153959300A1F299 /* UIButtonExtensions.swift */ = {isa = PBXFileReference; fileEncoding = 4; lastKnownFileType = sourcecode.swift; path = UIButtonExtensions.swift; sourceTree = "<group>"; };
		68CA7EEE2153959300A1F299 /* UIApplicationExtensions.swift */ = {isa = PBXFileReference; fileEncoding = 4; lastKnownFileType = sourcecode.swift; path = UIApplicationExtensions.swift; sourceTree = "<group>"; };
		68CA7EEF2153959300A1F299 /* UIDeviceExtensions.swift */ = {isa = PBXFileReference; fileEncoding = 4; lastKnownFileType = sourcecode.swift; path = UIDeviceExtensions.swift; sourceTree = "<group>"; };
		68CA7EF02153959300A1F299 /* FileManagerExtension.swift */ = {isa = PBXFileReference; fileEncoding = 4; lastKnownFileType = sourcecode.swift; path = FileManagerExtension.swift; sourceTree = "<group>"; };
		68CA7EF12153959300A1F299 /* DoubleExtensions.swift */ = {isa = PBXFileReference; fileEncoding = 4; lastKnownFileType = sourcecode.swift; path = DoubleExtensions.swift; sourceTree = "<group>"; };
		68CA7EF22153959300A1F299 /* FloatingPointExtensions.swift */ = {isa = PBXFileReference; fileEncoding = 4; lastKnownFileType = sourcecode.swift; path = FloatingPointExtensions.swift; sourceTree = "<group>"; };
		68CA7EF32153959300A1F299 /* NSObjectExtensions.swift */ = {isa = PBXFileReference; fileEncoding = 4; lastKnownFileType = sourcecode.swift; path = NSObjectExtensions.swift; sourceTree = "<group>"; };
		68CA7EF42153959300A1F299 /* UITextFieldExtensions.swift */ = {isa = PBXFileReference; fileEncoding = 4; lastKnownFileType = sourcecode.swift; path = UITextFieldExtensions.swift; sourceTree = "<group>"; };
		68CA7EF52153959300A1F299 /* DateExtensions.swift */ = {isa = PBXFileReference; fileEncoding = 4; lastKnownFileType = sourcecode.swift; path = DateExtensions.swift; sourceTree = "<group>"; };
		68CA7EF62153959300A1F299 /* UISwitchExtensions.swift */ = {isa = PBXFileReference; fileEncoding = 4; lastKnownFileType = sourcecode.swift; path = UISwitchExtensions.swift; sourceTree = "<group>"; };
		68CA7EF72153959400A1F299 /* CGFloatExtensions.swift */ = {isa = PBXFileReference; fileEncoding = 4; lastKnownFileType = sourcecode.swift; path = CGFloatExtensions.swift; sourceTree = "<group>"; };
		68CA7EF82153959400A1F299 /* UIColorExtensions.swift */ = {isa = PBXFileReference; fileEncoding = 4; lastKnownFileType = sourcecode.swift; path = UIColorExtensions.swift; sourceTree = "<group>"; };
		68CA7EF92153959400A1F299 /* NSDictionaryExtensions.swift */ = {isa = PBXFileReference; fileEncoding = 4; lastKnownFileType = sourcecode.swift; path = NSDictionaryExtensions.swift; sourceTree = "<group>"; };
		68CA7EFA2153959400A1F299 /* UIViewExtensions.swift */ = {isa = PBXFileReference; fileEncoding = 4; lastKnownFileType = sourcecode.swift; path = UIViewExtensions.swift; sourceTree = "<group>"; };
		68CA7EFB2153959400A1F299 /* CharacterExtensions.swift */ = {isa = PBXFileReference; fileEncoding = 4; lastKnownFileType = sourcecode.swift; path = CharacterExtensions.swift; sourceTree = "<group>"; };
		68CA7EFC2153959400A1F299 /* UIImageExtensions.swift */ = {isa = PBXFileReference; fileEncoding = 4; lastKnownFileType = sourcecode.swift; path = UIImageExtensions.swift; sourceTree = "<group>"; };
		68CA7EFD2153959400A1F299 /* EZSwiftFunctions.swift */ = {isa = PBXFileReference; fileEncoding = 4; lastKnownFileType = sourcecode.swift; path = EZSwiftFunctions.swift; sourceTree = "<group>"; };
		68CA7EFE2153959400A1F299 /* UIUserInterfaceSizeClassExtensions.swift */ = {isa = PBXFileReference; fileEncoding = 4; lastKnownFileType = sourcecode.swift; path = UIUserInterfaceSizeClassExtensions.swift; sourceTree = "<group>"; };
		68CA7EFF2153959400A1F299 /* TimePassed.swift */ = {isa = PBXFileReference; fileEncoding = 4; lastKnownFileType = sourcecode.swift; path = TimePassed.swift; sourceTree = "<group>"; };
		68CA7F002153959400A1F299 /* UIFontExtensions.swift */ = {isa = PBXFileReference; fileEncoding = 4; lastKnownFileType = sourcecode.swift; path = UIFontExtensions.swift; sourceTree = "<group>"; };
		68CA7F012153959400A1F299 /* IntExtensions.swift */ = {isa = PBXFileReference; fileEncoding = 4; lastKnownFileType = sourcecode.swift; path = IntExtensions.swift; sourceTree = "<group>"; };
		68CA7F022153959500A1F299 /* UIAlertControllerExtensions.swift */ = {isa = PBXFileReference; fileEncoding = 4; lastKnownFileType = sourcecode.swift; path = UIAlertControllerExtensions.swift; sourceTree = "<group>"; };
		68CA7F032153959500A1F299 /* ArrayExtensions.swift */ = {isa = PBXFileReference; fileEncoding = 4; lastKnownFileType = sourcecode.swift; path = ArrayExtensions.swift; sourceTree = "<group>"; };
		68CA7F042153959500A1F299 /* UIBarButtonItemExtensions.swift */ = {isa = PBXFileReference; fileEncoding = 4; lastKnownFileType = sourcecode.swift; path = UIBarButtonItemExtensions.swift; sourceTree = "<group>"; };
		68CA7F052153959500A1F299 /* UIColoredView.swift */ = {isa = PBXFileReference; fileEncoding = 4; lastKnownFileType = sourcecode.swift; path = UIColoredView.swift; sourceTree = "<group>"; };
		68CA7F062153959500A1F299 /* BlockPan.swift */ = {isa = PBXFileReference; fileEncoding = 4; lastKnownFileType = sourcecode.swift; path = BlockPan.swift; sourceTree = "<group>"; };
		68CA7F072153959500A1F299 /* UITextViewExtensions.swift */ = {isa = PBXFileReference; fileEncoding = 4; lastKnownFileType = sourcecode.swift; path = UITextViewExtensions.swift; sourceTree = "<group>"; };
		68CA7F082153959500A1F299 /* UILabelExtensions.swift */ = {isa = PBXFileReference; fileEncoding = 4; lastKnownFileType = sourcecode.swift; path = UILabelExtensions.swift; sourceTree = "<group>"; };
		68CA7F092153959500A1F299 /* TimerExtensions.swift */ = {isa = PBXFileReference; fileEncoding = 4; lastKnownFileType = sourcecode.swift; path = TimerExtensions.swift; sourceTree = "<group>"; };
		68CA7F0A2153959600A1F299 /* ErrorTypeExtensions.swift */ = {isa = PBXFileReference; fileEncoding = 4; lastKnownFileType = sourcecode.swift; path = ErrorTypeExtensions.swift; sourceTree = "<group>"; };
		68CA7F0B2153959600A1F299 /* NSAttributedStringExtensions.swift */ = {isa = PBXFileReference; fileEncoding = 4; lastKnownFileType = sourcecode.swift; path = NSAttributedStringExtensions.swift; sourceTree = "<group>"; };
		68CA7F0C2153959600A1F299 /* CollectionsExtension.swift */ = {isa = PBXFileReference; fileEncoding = 4; lastKnownFileType = sourcecode.swift; path = CollectionsExtension.swift; sourceTree = "<group>"; };
		68CA7F0D2153959600A1F299 /* UIEdgeInsets.swift */ = {isa = PBXFileReference; fileEncoding = 4; lastKnownFileType = sourcecode.swift; path = UIEdgeInsets.swift; sourceTree = "<group>"; };
		68CA7F0E2153959600A1F299 /* BoolExtensions.swift */ = {isa = PBXFileReference; fileEncoding = 4; lastKnownFileType = sourcecode.swift; path = BoolExtensions.swift; sourceTree = "<group>"; };
		68CA7F0F2153959600A1F299 /* BlockWebView.swift */ = {isa = PBXFileReference; fileEncoding = 4; lastKnownFileType = sourcecode.swift; path = BlockWebView.swift; sourceTree = "<group>"; };
		68CA7F102153959700A1F299 /* UISliderExtensions.swift */ = {isa = PBXFileReference; fileEncoding = 4; lastKnownFileType = sourcecode.swift; path = UISliderExtensions.swift; sourceTree = "<group>"; };
		68CA7F112153959700A1F299 /* URLExtensions.swift */ = {isa = PBXFileReference; fileEncoding = 4; lastKnownFileType = sourcecode.swift; path = URLExtensions.swift; sourceTree = "<group>"; };
		68CA7F122153959700A1F299 /* UIImageViewExtensions.swift */ = {isa = PBXFileReference; fileEncoding = 4; lastKnownFileType = sourcecode.swift; path = UIImageViewExtensions.swift; sourceTree = "<group>"; };
		68CA7F132153959700A1F299 /* BlockSwipe.swift */ = {isa = PBXFileReference; fileEncoding = 4; lastKnownFileType = sourcecode.swift; path = BlockSwipe.swift; sourceTree = "<group>"; };
		68CA7F142153959700A1F299 /* UIStoryboardExtensions.swift */ = {isa = PBXFileReference; fileEncoding = 4; lastKnownFileType = sourcecode.swift; path = UIStoryboardExtensions.swift; sourceTree = "<group>"; };
		68CA7F152153959700A1F299 /* CGRectExtensions.swift */ = {isa = PBXFileReference; fileEncoding = 4; lastKnownFileType = sourcecode.swift; path = CGRectExtensions.swift; sourceTree = "<group>"; };
		6C92A980CF660660F8A96702 /* Pods-NZQBaseKit.release.xcconfig */ = {isa = PBXFileReference; includeInIndex = 1; lastKnownFileType = text.xcconfig; name = "Pods-NZQBaseKit.release.xcconfig"; path = "Pods/Target Support Files/Pods-NZQBaseKit/Pods-NZQBaseKit.release.xcconfig"; sourceTree = "<group>"; };
		7BCC2335C06A1ABA66370F3F /* Pods-NZQBaseKitTests.debug.xcconfig */ = {isa = PBXFileReference; includeInIndex = 1; lastKnownFileType = text.xcconfig; name = "Pods-NZQBaseKitTests.debug.xcconfig"; path = "Pods/Target Support Files/Pods-NZQBaseKitTests/Pods-NZQBaseKitTests.debug.xcconfig"; sourceTree = "<group>"; };
		D06ACD84F8631E8C5624B63B /* Pods-NZQBaseKitTests.release.xcconfig */ = {isa = PBXFileReference; includeInIndex = 1; lastKnownFileType = text.xcconfig; name = "Pods-NZQBaseKitTests.release.xcconfig"; path = "Pods/Target Support Files/Pods-NZQBaseKitTests/Pods-NZQBaseKitTests.release.xcconfig"; sourceTree = "<group>"; };
/* End PBXFileReference section */

/* Begin PBXFrameworksBuildPhase section */
		681BD4E021509651007223D6 /* Frameworks */ = {
			isa = PBXFrameworksBuildPhase;
			buildActionMask = 2147483647;
			files = (
				B17BAD26DC7A216B7399C3D5 /* Pods_NZQBaseKit.framework in Frameworks */,
			);
			runOnlyForDeploymentPostprocessing = 0;
		};
		681BD4F421509652007223D6 /* Frameworks */ = {
			isa = PBXFrameworksBuildPhase;
			buildActionMask = 2147483647;
			files = (
				A552DE81F712C47E8F00D2DA /* Pods_NZQBaseKitTests.framework in Frameworks */,
			);
			runOnlyForDeploymentPostprocessing = 0;
		};
		681BD4FF21509652007223D6 /* Frameworks */ = {
			isa = PBXFrameworksBuildPhase;
			buildActionMask = 2147483647;
			files = (
			);
			runOnlyForDeploymentPostprocessing = 0;
		};
/* End PBXFrameworksBuildPhase section */

/* Begin PBXGroup section */
		1ED3417A1E34D717AD54A2A7 /* Pods */ = {
			isa = PBXGroup;
			children = (
				0AC995D3119AED0A3318CA5F /* Pods-NZQBaseKit.debug.xcconfig */,
				6C92A980CF660660F8A96702 /* Pods-NZQBaseKit.release.xcconfig */,
				7BCC2335C06A1ABA66370F3F /* Pods-NZQBaseKitTests.debug.xcconfig */,
				D06ACD84F8631E8C5624B63B /* Pods-NZQBaseKitTests.release.xcconfig */,
			);
			name = Pods;
			sourceTree = "<group>";
		};
		681BD4DA21509651007223D6 = {
			isa = PBXGroup;
			children = (
				681BD4E521509651007223D6 /* NZQBaseKit */,
				681BD4FA21509652007223D6 /* NZQBaseKitTests */,
				681BD50521509652007223D6 /* NZQBaseKitUITests */,
				681BD4E421509651007223D6 /* Products */,
				1ED3417A1E34D717AD54A2A7 /* Pods */,
				D0EE692D2AED416EC8652D51 /* Frameworks */,
			);
			sourceTree = "<group>";
		};
		681BD4E421509651007223D6 /* Products */ = {
			isa = PBXGroup;
			children = (
				681BD4E321509651007223D6 /* NZQBaseKit.app */,
				681BD4F721509652007223D6 /* NZQBaseKitTests.xctest */,
				681BD50221509652007223D6 /* NZQBaseKitUITests.xctest */,
			);
			name = Products;
			sourceTree = "<group>";
		};
		681BD4E521509651007223D6 /* NZQBaseKit */ = {
			isa = PBXGroup;
			children = (
				6835DC672151F14000DB7A48 /* Classes */,
				684F61A22150F76B0042F7DC /* Demos */,
				681BD4E621509651007223D6 /* AppDelegate.swift */,
				681BD4ED21509652007223D6 /* Assets.xcassets */,
				681BD4EF21509652007223D6 /* LaunchScreen.storyboard */,
				681BD4F221509652007223D6 /* Info.plist */,
			);
			path = NZQBaseKit;
			sourceTree = "<group>";
		};
		681BD4FA21509652007223D6 /* NZQBaseKitTests */ = {
			isa = PBXGroup;
			children = (
				681BD4FB21509652007223D6 /* NZQBaseKitTests.swift */,
				681BD4FD21509652007223D6 /* Info.plist */,
			);
			path = NZQBaseKitTests;
			sourceTree = "<group>";
		};
		681BD50521509652007223D6 /* NZQBaseKitUITests */ = {
			isa = PBXGroup;
			children = (
				681BD50621509652007223D6 /* NZQBaseKitUITests.swift */,
				681BD50821509652007223D6 /* Info.plist */,
			);
			path = NZQBaseKitUITests;
			sourceTree = "<group>";
		};
		6835DC672151F14000DB7A48 /* Classes */ = {
			isa = PBXGroup;
			children = (
				68CA7EDA21534C6200A1F299 /* Extensions */,
				6835DC712152372E00DB7A48 /* NetWork */,
				6835DC682151F14D00DB7A48 /* Tool */,
			);
			path = Classes;
			sourceTree = "<group>";
		};
		6835DC682151F14D00DB7A48 /* Tool */ = {
			isa = PBXGroup;
			children = (
				6835DC6B2151F1AA00DB7A48 /* NZQThirdPartyLoad.swift */,
			);
			path = Tool;
			sourceTree = "<group>";
		};
		6835DC712152372E00DB7A48 /* NetWork */ = {
			isa = PBXGroup;
			children = (
				6835DC722152375C00DB7A48 /* NZQNetworkTool.swift */,
			);
			path = NetWork;
			sourceTree = "<group>";
		};
		684F61A22150F76B0042F7DC /* Demos */ = {
			isa = PBXGroup;
			children = (
				68CA7EDF21534E5200A1F299 /* ExtensionsDemo */,
				684F61A32150FCA60042F7DC /* NZQTabBarController.swift */,
				6835DC622151E5F000DB7A48 /* ExampleViewController.swift */,
			);
			path = Demos;
			sourceTree = "<group>";
		};
		68CA7EDA21534C6200A1F299 /* Extensions */ = {
			isa = PBXGroup;
			children = (
				68CA7F032153959500A1F299 /* ArrayExtensions.swift */,
				68CA7EE32153959200A1F299 /* BlockButton.swift */,
				68CA7EEA2153959200A1F299 /* BlockLongPress.swift */,
				68CA7F062153959500A1F299 /* BlockPan.swift */,
				68CA7EE52153959200A1F299 /* BlockPinch.swift */,
				68CA7F132153959700A1F299 /* BlockSwipe.swift */,
				68CA7EE42153959200A1F299 /* BlockTap.swift */,
				68CA7F0F2153959600A1F299 /* BlockWebView.swift */,
				68CA7F0E2153959600A1F299 /* BoolExtensions.swift */,
				68CA7EE72153959200A1F299 /* BundleExtensions.swift */,
				68CA7EF72153959400A1F299 /* CGFloatExtensions.swift */,
				68CA7EE82153959200A1F299 /* CGPointExtensions.swift */,
				68CA7F152153959700A1F299 /* CGRectExtensions.swift */,
				68CA7EFB2153959400A1F299 /* CharacterExtensions.swift */,
				68CA7F0C2153959600A1F299 /* CollectionsExtension.swift */,
				68CA7EF52153959300A1F299 /* DateExtensions.swift */,
				68CA7EEB2153959200A1F299 /* DictionaryExtensions.swift */,
				68CA7EF12153959300A1F299 /* DoubleExtensions.swift */,
				68CA7F0A2153959600A1F299 /* ErrorTypeExtensions.swift */,
				68CA7EFD2153959400A1F299 /* EZSwiftFunctions.swift */,
				68CA7EF02153959300A1F299 /* FileManagerExtension.swift */,
				68CA7EF22153959300A1F299 /* FloatingPointExtensions.swift */,
				68CA7F012153959400A1F299 /* IntExtensions.swift */,
				68CA7F0B2153959600A1F299 /* NSAttributedStringExtensions.swift */,
				68CA7EF92153959400A1F299 /* NSDictionaryExtensions.swift */,
				68CA7EF32153959300A1F299 /* NSObjectExtensions.swift */,
				68CA7EE92153959200A1F299 /* StringExtensions.swift */,
				68CA7EFF2153959400A1F299 /* TimePassed.swift */,
				68CA7F092153959500A1F299 /* TimerExtensions.swift */,
				68CA7F022153959500A1F299 /* UIAlertControllerExtensions.swift */,
				68CA7EEE2153959300A1F299 /* UIApplicationExtensions.swift */,
				68CA7F042153959500A1F299 /* UIBarButtonItemExtensions.swift */,
				68CA7EED2153959300A1F299 /* UIButtonExtensions.swift */,
				68CA7F052153959500A1F299 /* UIColoredView.swift */,
				68CA7EF82153959400A1F299 /* UIColorExtensions.swift */,
				68CA7EEF2153959300A1F299 /* UIDeviceExtensions.swift */,
				68CA7F0D2153959600A1F299 /* UIEdgeInsets.swift */,
				68CA7F002153959400A1F299 /* UIFontExtensions.swift */,
				68CA7EFC2153959400A1F299 /* UIImageExtensions.swift */,
				68CA7F122153959700A1F299 /* UIImageViewExtensions.swift */,
				68CA7F082153959500A1F299 /* UILabelExtensions.swift */,
				68CA7F102153959700A1F299 /* UISliderExtensions.swift */,
				68CA7F142153959700A1F299 /* UIStoryboardExtensions.swift */,
				68CA7EF62153959300A1F299 /* UISwitchExtensions.swift */,
				68CA7EF42153959300A1F299 /* UITextFieldExtensions.swift */,
				68CA7F072153959500A1F299 /* UITextViewExtensions.swift */,
				68CA7EFE2153959400A1F299 /* UIUserInterfaceSizeClassExtensions.swift */,
				68CA7EE22153959200A1F299 /* UIViewControllerExtensions.swift */,
				68CA7EFA2153959400A1F299 /* UIViewExtensions.swift */,
				68CA7EEC2153959300A1F299 /* UIWindowExtensions.swift */,
				68CA7F112153959700A1F299 /* URLExtensions.swift */,
				68CA7EE62153959200A1F299 /* UserDefaultsExtension.swift */,
			);
			path = Extensions;
			sourceTree = "<group>";
		};
		68CA7EDF21534E5200A1F299 /* ExtensionsDemo */ = {
			isa = PBXGroup;
			children = (
				68CA7EE021534EBD00A1F299 /* NZQFoundationDemo.swift */,
			);
			path = ExtensionsDemo;
			sourceTree = "<group>";
		};
		D0EE692D2AED416EC8652D51 /* Frameworks */ = {
			isa = PBXGroup;
			children = (
				232AD766043D1C62D58F31E2 /* Pods_NZQBaseKit.framework */,
				3DF47182B64F9847BF39B2D4 /* Pods_NZQBaseKitTests.framework */,
			);
			name = Frameworks;
			sourceTree = "<group>";
		};
/* End PBXGroup section */

/* Begin PBXNativeTarget section */
		681BD4E221509651007223D6 /* NZQBaseKit */ = {
			isa = PBXNativeTarget;
			buildConfigurationList = 681BD50B21509652007223D6 /* Build configuration list for PBXNativeTarget "NZQBaseKit" */;
			buildPhases = (
				9AE1BEAFDEF6D10EDD8855D5 /* [CP] Check Pods Manifest.lock */,
				681BD4DF21509651007223D6 /* Sources */,
				681BD4E021509651007223D6 /* Frameworks */,
				681BD4E121509651007223D6 /* Resources */,
				44221CE03A876C50ACF38F7C /* [CP] Embed Pods Frameworks */,
			);
			buildRules = (
			);
			dependencies = (
			);
			name = NZQBaseKit;
			productName = NZQBaseKit;
			productReference = 681BD4E321509651007223D6 /* NZQBaseKit.app */;
			productType = "com.apple.product-type.application";
		};
		681BD4F621509652007223D6 /* NZQBaseKitTests */ = {
			isa = PBXNativeTarget;
			buildConfigurationList = 681BD50E21509652007223D6 /* Build configuration list for PBXNativeTarget "NZQBaseKitTests" */;
			buildPhases = (
				DB072FE4ED5827880DBCD0C0 /* [CP] Check Pods Manifest.lock */,
				681BD4F321509652007223D6 /* Sources */,
				681BD4F421509652007223D6 /* Frameworks */,
				681BD4F521509652007223D6 /* Resources */,
			);
			buildRules = (
			);
			dependencies = (
				681BD4F921509652007223D6 /* PBXTargetDependency */,
			);
			name = NZQBaseKitTests;
			productName = NZQBaseKitTests;
			productReference = 681BD4F721509652007223D6 /* NZQBaseKitTests.xctest */;
			productType = "com.apple.product-type.bundle.unit-test";
		};
		681BD50121509652007223D6 /* NZQBaseKitUITests */ = {
			isa = PBXNativeTarget;
			buildConfigurationList = 681BD51121509652007223D6 /* Build configuration list for PBXNativeTarget "NZQBaseKitUITests" */;
			buildPhases = (
				681BD4FE21509652007223D6 /* Sources */,
				681BD4FF21509652007223D6 /* Frameworks */,
				681BD50021509652007223D6 /* Resources */,
			);
			buildRules = (
			);
			dependencies = (
				681BD50421509652007223D6 /* PBXTargetDependency */,
			);
			name = NZQBaseKitUITests;
			productName = NZQBaseKitUITests;
			productReference = 681BD50221509652007223D6 /* NZQBaseKitUITests.xctest */;
			productType = "com.apple.product-type.bundle.ui-testing";
		};
/* End PBXNativeTarget section */

/* Begin PBXProject section */
		681BD4DB21509651007223D6 /* Project object */ = {
			isa = PBXProject;
			attributes = {
				LastSwiftUpdateCheck = 0940;
				LastUpgradeCheck = 0940;
				ORGANIZATIONNAME = Lyric;
				TargetAttributes = {
					681BD4E221509651007223D6 = {
						CreatedOnToolsVersion = 9.4.1;
						LastSwiftMigration = 1000;
					};
					681BD4F621509652007223D6 = {
						CreatedOnToolsVersion = 9.4.1;
						LastSwiftMigration = 1000;
						TestTargetID = 681BD4E221509651007223D6;
					};
					681BD50121509652007223D6 = {
						CreatedOnToolsVersion = 9.4.1;
						LastSwiftMigration = 1000;
						TestTargetID = 681BD4E221509651007223D6;
					};
				};
			};
			buildConfigurationList = 681BD4DE21509651007223D6 /* Build configuration list for PBXProject "NZQBaseKit" */;
			compatibilityVersion = "Xcode 9.3";
			developmentRegion = en;
			hasScannedForEncodings = 0;
			knownRegions = (
				en,
				Base,
			);
			mainGroup = 681BD4DA21509651007223D6;
			productRefGroup = 681BD4E421509651007223D6 /* Products */;
			projectDirPath = "";
			projectRoot = "";
			targets = (
				681BD4E221509651007223D6 /* NZQBaseKit */,
				681BD4F621509652007223D6 /* NZQBaseKitTests */,
				681BD50121509652007223D6 /* NZQBaseKitUITests */,
			);
		};
/* End PBXProject section */

/* Begin PBXResourcesBuildPhase section */
		681BD4E121509651007223D6 /* Resources */ = {
			isa = PBXResourcesBuildPhase;
			buildActionMask = 2147483647;
			files = (
				681BD4F121509652007223D6 /* LaunchScreen.storyboard in Resources */,
				681BD4EE21509652007223D6 /* Assets.xcassets in Resources */,
			);
			runOnlyForDeploymentPostprocessing = 0;
		};
		681BD4F521509652007223D6 /* Resources */ = {
			isa = PBXResourcesBuildPhase;
			buildActionMask = 2147483647;
			files = (
			);
			runOnlyForDeploymentPostprocessing = 0;
		};
		681BD50021509652007223D6 /* Resources */ = {
			isa = PBXResourcesBuildPhase;
			buildActionMask = 2147483647;
			files = (
			);
			runOnlyForDeploymentPostprocessing = 0;
		};
/* End PBXResourcesBuildPhase section */

/* Begin PBXShellScriptBuildPhase section */
		44221CE03A876C50ACF38F7C /* [CP] Embed Pods Frameworks */ = {
			isa = PBXShellScriptBuildPhase;
			buildActionMask = 2147483647;
			files = (
			);
			inputPaths = (
				"${SRCROOT}/Pods/Target Support Files/Pods-NZQBaseKit/Pods-NZQBaseKit-frameworks.sh",
				"${BUILT_PRODUCTS_DIR}/Alamofire/Alamofire.framework",
				"${BUILT_PRODUCTS_DIR}/AlamofireImage/AlamofireImage.framework",
				"${BUILT_PRODUCTS_DIR}/CollectionKit/CollectionKit.framework",
				"${BUILT_PRODUCTS_DIR}/ESTabBarController-swift/ESTabBarController_swift.framework",
				"${BUILT_PRODUCTS_DIR}/Hero/Hero.framework",
				"${BUILT_PRODUCTS_DIR}/MJRefresh/MJRefresh.framework",
				"${BUILT_PRODUCTS_DIR}/SnapKit/SnapKit.framework",
				"${BUILT_PRODUCTS_DIR}/SwiftyJSON/SwiftyJSON.framework",
			);
			name = "[CP] Embed Pods Frameworks";
			outputPaths = (
				"${TARGET_BUILD_DIR}/${FRAMEWORKS_FOLDER_PATH}/Alamofire.framework",
				"${TARGET_BUILD_DIR}/${FRAMEWORKS_FOLDER_PATH}/AlamofireImage.framework",
				"${TARGET_BUILD_DIR}/${FRAMEWORKS_FOLDER_PATH}/CollectionKit.framework",
				"${TARGET_BUILD_DIR}/${FRAMEWORKS_FOLDER_PATH}/ESTabBarController_swift.framework",
				"${TARGET_BUILD_DIR}/${FRAMEWORKS_FOLDER_PATH}/Hero.framework",
				"${TARGET_BUILD_DIR}/${FRAMEWORKS_FOLDER_PATH}/MJRefresh.framework",
				"${TARGET_BUILD_DIR}/${FRAMEWORKS_FOLDER_PATH}/SnapKit.framework",
				"${TARGET_BUILD_DIR}/${FRAMEWORKS_FOLDER_PATH}/SwiftyJSON.framework",
			);
			runOnlyForDeploymentPostprocessing = 0;
			shellPath = /bin/sh;
			shellScript = "\"${SRCROOT}/Pods/Target Support Files/Pods-NZQBaseKit/Pods-NZQBaseKit-frameworks.sh\"\n";
			showEnvVarsInLog = 0;
		};
		9AE1BEAFDEF6D10EDD8855D5 /* [CP] Check Pods Manifest.lock */ = {
			isa = PBXShellScriptBuildPhase;
			buildActionMask = 2147483647;
			files = (
			);
			inputPaths = (
				"${PODS_PODFILE_DIR_PATH}/Podfile.lock",
				"${PODS_ROOT}/Manifest.lock",
			);
			name = "[CP] Check Pods Manifest.lock";
			outputPaths = (
				"$(DERIVED_FILE_DIR)/Pods-NZQBaseKit-checkManifestLockResult.txt",
			);
			runOnlyForDeploymentPostprocessing = 0;
			shellPath = /bin/sh;
			shellScript = "diff \"${PODS_PODFILE_DIR_PATH}/Podfile.lock\" \"${PODS_ROOT}/Manifest.lock\" > /dev/null\nif [ $? != 0 ] ; then\n    # print error to STDERR\n    echo \"error: The sandbox is not in sync with the Podfile.lock. Run 'pod install' or update your CocoaPods installation.\" >&2\n    exit 1\nfi\n# This output is used by Xcode 'outputs' to avoid re-running this script phase.\necho \"SUCCESS\" > \"${SCRIPT_OUTPUT_FILE_0}\"\n";
			showEnvVarsInLog = 0;
		};
		DB072FE4ED5827880DBCD0C0 /* [CP] Check Pods Manifest.lock */ = {
			isa = PBXShellScriptBuildPhase;
			buildActionMask = 2147483647;
			files = (
			);
			inputPaths = (
				"${PODS_PODFILE_DIR_PATH}/Podfile.lock",
				"${PODS_ROOT}/Manifest.lock",
			);
			name = "[CP] Check Pods Manifest.lock";
			outputPaths = (
				"$(DERIVED_FILE_DIR)/Pods-NZQBaseKitTests-checkManifestLockResult.txt",
			);
			runOnlyForDeploymentPostprocessing = 0;
			shellPath = /bin/sh;
			shellScript = "diff \"${PODS_PODFILE_DIR_PATH}/Podfile.lock\" \"${PODS_ROOT}/Manifest.lock\" > /dev/null\nif [ $? != 0 ] ; then\n    # print error to STDERR\n    echo \"error: The sandbox is not in sync with the Podfile.lock. Run 'pod install' or update your CocoaPods installation.\" >&2\n    exit 1\nfi\n# This output is used by Xcode 'outputs' to avoid re-running this script phase.\necho \"SUCCESS\" > \"${SCRIPT_OUTPUT_FILE_0}\"\n";
			showEnvVarsInLog = 0;
		};
/* End PBXShellScriptBuildPhase section */

/* Begin PBXSourcesBuildPhase section */
		681BD4DF21509651007223D6 /* Sources */ = {
			isa = PBXSourcesBuildPhase;
			buildActionMask = 2147483647;
			files = (
				68CA7F192153959700A1F299 /* BlockPinch.swift in Sources */,
				681BD4E721509651007223D6 /* AppDelegate.swift in Sources */,
				68CA7F282153959700A1F299 /* UITextFieldExtensions.swift in Sources */,
				68CA7F352153959700A1F299 /* IntExtensions.swift in Sources */,
				684F61A42150FCA60042F7DC /* NZQTabBarController.swift in Sources */,
				6835DC732152375C00DB7A48 /* NZQNetworkTool.swift in Sources */,
				68CA7F172153959700A1F299 /* BlockButton.swift in Sources */,
				68CA7F2B2153959700A1F299 /* CGFloatExtensions.swift in Sources */,
				68CA7F2A2153959700A1F299 /* UISwitchExtensions.swift in Sources */,
				68CA7EE121534EBD00A1F299 /* NZQFoundationDemo.swift in Sources */,
				68CA7F182153959700A1F299 /* BlockTap.swift in Sources */,
				6835DC6C2151F1AA00DB7A48 /* NZQThirdPartyLoad.swift in Sources */,
				68CA7F202153959700A1F299 /* UIWindowExtensions.swift in Sources */,
				68CA7F302153959700A1F299 /* UIImageExtensions.swift in Sources */,
				68CA7F2D2153959700A1F299 /* NSDictionaryExtensions.swift in Sources */,
				68CA7F332153959700A1F299 /* TimePassed.swift in Sources */,
				68CA7F232153959700A1F299 /* UIDeviceExtensions.swift in Sources */,
				68CA7F3F2153959700A1F299 /* NSAttributedStringExtensions.swift in Sources */,
				68CA7F3D2153959700A1F299 /* TimerExtensions.swift in Sources */,
				68CA7F252153959700A1F299 /* DoubleExtensions.swift in Sources */,
				68CA7F312153959700A1F299 /* EZSwiftFunctions.swift in Sources */,
				68CA7F272153959700A1F299 /* NSObjectExtensions.swift in Sources */,
				68CA7F1E2153959700A1F299 /* BlockLongPress.swift in Sources */,
				68CA7F2F2153959700A1F299 /* CharacterExtensions.swift in Sources */,
				68CA7F482153959700A1F299 /* UIStoryboardExtensions.swift in Sources */,
				6835DC632151E5F000DB7A48 /* ExampleViewController.swift in Sources */,
				68CA7F322153959700A1F299 /* UIUserInterfaceSizeClassExtensions.swift in Sources */,
				68CA7F262153959700A1F299 /* FloatingPointExtensions.swift in Sources */,
				68CA7F162153959700A1F299 /* UIViewControllerExtensions.swift in Sources */,
				68CA7F1F2153959700A1F299 /* DictionaryExtensions.swift in Sources */,
				68CA7F432153959700A1F299 /* BlockWebView.swift in Sources */,
				68CA7F392153959700A1F299 /* UIColoredView.swift in Sources */,
				68CA7F452153959700A1F299 /* URLExtensions.swift in Sources */,
				68CA7F2C2153959700A1F299 /* UIColorExtensions.swift in Sources */,
				68CA7F222153959700A1F299 /* UIApplicationExtensions.swift in Sources */,
				68CA7F402153959700A1F299 /* CollectionsExtension.swift in Sources */,
				68CA7F1D2153959700A1F299 /* StringExtensions.swift in Sources */,
				68CA7F492153959700A1F299 /* CGRectExtensions.swift in Sources */,
				68CA7F242153959700A1F299 /* FileManagerExtension.swift in Sources */,
				68CA7F3C2153959700A1F299 /* UILabelExtensions.swift in Sources */,
				68CA7F472153959700A1F299 /* BlockSwipe.swift in Sources */,
				68CA7F412153959700A1F299 /* UIEdgeInsets.swift in Sources */,
				68CA7F372153959700A1F299 /* ArrayExtensions.swift in Sources */,
				68CA7F1A2153959700A1F299 /* UserDefaultsExtension.swift in Sources */,
				68CA7F2E2153959700A1F299 /* UIViewExtensions.swift in Sources */,
				68CA7F212153959700A1F299 /* UIButtonExtensions.swift in Sources */,
				68CA7F362153959700A1F299 /* UIAlertControllerExtensions.swift in Sources */,
				68CA7F422153959700A1F299 /* BoolExtensions.swift in Sources */,
				68CA7F1C2153959700A1F299 /* CGPointExtensions.swift in Sources */,
				68CA7F442153959700A1F299 /* UISliderExtensions.swift in Sources */,
				68CA7F1B2153959700A1F299 /* BundleExtensions.swift in Sources */,
				68CA7F3E2153959700A1F299 /* ErrorTypeExtensions.swift in Sources */,
				68CA7F3A2153959700A1F299 /* BlockPan.swift in Sources */,
				68CA7F342153959700A1F299 /* UIFontExtensions.swift in Sources */,
				68CA7F292153959700A1F299 /* DateExtensions.swift in Sources */,
				68CA7F382153959700A1F299 /* UIBarButtonItemExtensions.swift in Sources */,
				68CA7F462153959700A1F299 /* UIImageViewExtensions.swift in Sources */,
				68CA7F3B2153959700A1F299 /* UITextViewExtensions.swift in Sources */,
			);
			runOnlyForDeploymentPostprocessing = 0;
		};
		681BD4F321509652007223D6 /* Sources */ = {
			isa = PBXSourcesBuildPhase;
			buildActionMask = 2147483647;
			files = (
				681BD4FC21509652007223D6 /* NZQBaseKitTests.swift in Sources */,
			);
			runOnlyForDeploymentPostprocessing = 0;
		};
		681BD4FE21509652007223D6 /* Sources */ = {
			isa = PBXSourcesBuildPhase;
			buildActionMask = 2147483647;
			files = (
				681BD50721509652007223D6 /* NZQBaseKitUITests.swift in Sources */,
			);
			runOnlyForDeploymentPostprocessing = 0;
		};
/* End PBXSourcesBuildPhase section */

/* Begin PBXTargetDependency section */
		681BD4F921509652007223D6 /* PBXTargetDependency */ = {
			isa = PBXTargetDependency;
			target = 681BD4E221509651007223D6 /* NZQBaseKit */;
			targetProxy = 681BD4F821509652007223D6 /* PBXContainerItemProxy */;
		};
		681BD50421509652007223D6 /* PBXTargetDependency */ = {
			isa = PBXTargetDependency;
			target = 681BD4E221509651007223D6 /* NZQBaseKit */;
			targetProxy = 681BD50321509652007223D6 /* PBXContainerItemProxy */;
		};
/* End PBXTargetDependency section */

/* Begin PBXVariantGroup section */
		681BD4EF21509652007223D6 /* LaunchScreen.storyboard */ = {
			isa = PBXVariantGroup;
			children = (
				681BD4F021509652007223D6 /* Base */,
			);
			name = LaunchScreen.storyboard;
			sourceTree = "<group>";
		};
/* End PBXVariantGroup section */

/* Begin XCBuildConfiguration section */
		681BD50921509652007223D6 /* Debug */ = {
			isa = XCBuildConfiguration;
			buildSettings = {
				ALWAYS_SEARCH_USER_PATHS = NO;
				CLANG_ANALYZER_NONNULL = YES;
				CLANG_ANALYZER_NUMBER_OBJECT_CONVERSION = YES_AGGRESSIVE;
				CLANG_CXX_LANGUAGE_STANDARD = "gnu++14";
				CLANG_CXX_LIBRARY = "libc++";
				CLANG_ENABLE_MODULES = YES;
				CLANG_ENABLE_OBJC_ARC = YES;
				CLANG_ENABLE_OBJC_WEAK = YES;
				CLANG_WARN_BLOCK_CAPTURE_AUTORELEASING = YES;
				CLANG_WARN_BOOL_CONVERSION = YES;
				CLANG_WARN_COMMA = YES;
				CLANG_WARN_CONSTANT_CONVERSION = YES;
				CLANG_WARN_DEPRECATED_OBJC_IMPLEMENTATIONS = YES;
				CLANG_WARN_DIRECT_OBJC_ISA_USAGE = YES_ERROR;
				CLANG_WARN_DOCUMENTATION_COMMENTS = YES;
				CLANG_WARN_EMPTY_BODY = YES;
				CLANG_WARN_ENUM_CONVERSION = YES;
				CLANG_WARN_INFINITE_RECURSION = YES;
				CLANG_WARN_INT_CONVERSION = YES;
				CLANG_WARN_NON_LITERAL_NULL_CONVERSION = YES;
				CLANG_WARN_OBJC_IMPLICIT_RETAIN_SELF = YES;
				CLANG_WARN_OBJC_LITERAL_CONVERSION = YES;
				CLANG_WARN_OBJC_ROOT_CLASS = YES_ERROR;
				CLANG_WARN_RANGE_LOOP_ANALYSIS = YES;
				CLANG_WARN_STRICT_PROTOTYPES = YES;
				CLANG_WARN_SUSPICIOUS_MOVE = YES;
				CLANG_WARN_UNGUARDED_AVAILABILITY = YES_AGGRESSIVE;
				CLANG_WARN_UNREACHABLE_CODE = YES;
				CLANG_WARN__DUPLICATE_METHOD_MATCH = YES;
				CODE_SIGN_IDENTITY = "iPhone Developer";
				COPY_PHASE_STRIP = NO;
				DEBUG_INFORMATION_FORMAT = dwarf;
				ENABLE_STRICT_OBJC_MSGSEND = YES;
				ENABLE_TESTABILITY = YES;
				GCC_C_LANGUAGE_STANDARD = gnu11;
				GCC_DYNAMIC_NO_PIC = NO;
				GCC_NO_COMMON_BLOCKS = YES;
				GCC_OPTIMIZATION_LEVEL = 0;
				GCC_PREPROCESSOR_DEFINITIONS = (
					"DEBUG=1",
					"$(inherited)",
				);
				GCC_WARN_64_TO_32_BIT_CONVERSION = YES;
				GCC_WARN_ABOUT_RETURN_TYPE = YES_ERROR;
				GCC_WARN_UNDECLARED_SELECTOR = YES;
				GCC_WARN_UNINITIALIZED_AUTOS = YES_AGGRESSIVE;
				GCC_WARN_UNUSED_FUNCTION = YES;
				GCC_WARN_UNUSED_VARIABLE = YES;
				IPHONEOS_DEPLOYMENT_TARGET = 11.4;
				MTL_ENABLE_DEBUG_INFO = YES;
				ONLY_ACTIVE_ARCH = YES;
				SDKROOT = iphoneos;
				SWIFT_ACTIVE_COMPILATION_CONDITIONS = DEBUG;
				SWIFT_OPTIMIZATION_LEVEL = "-Onone";
			};
			name = Debug;
		};
		681BD50A21509652007223D6 /* Release */ = {
			isa = XCBuildConfiguration;
			buildSettings = {
				ALWAYS_SEARCH_USER_PATHS = NO;
				CLANG_ANALYZER_NONNULL = YES;
				CLANG_ANALYZER_NUMBER_OBJECT_CONVERSION = YES_AGGRESSIVE;
				CLANG_CXX_LANGUAGE_STANDARD = "gnu++14";
				CLANG_CXX_LIBRARY = "libc++";
				CLANG_ENABLE_MODULES = YES;
				CLANG_ENABLE_OBJC_ARC = YES;
				CLANG_ENABLE_OBJC_WEAK = YES;
				CLANG_WARN_BLOCK_CAPTURE_AUTORELEASING = YES;
				CLANG_WARN_BOOL_CONVERSION = YES;
				CLANG_WARN_COMMA = YES;
				CLANG_WARN_CONSTANT_CONVERSION = YES;
				CLANG_WARN_DEPRECATED_OBJC_IMPLEMENTATIONS = YES;
				CLANG_WARN_DIRECT_OBJC_ISA_USAGE = YES_ERROR;
				CLANG_WARN_DOCUMENTATION_COMMENTS = YES;
				CLANG_WARN_EMPTY_BODY = YES;
				CLANG_WARN_ENUM_CONVERSION = YES;
				CLANG_WARN_INFINITE_RECURSION = YES;
				CLANG_WARN_INT_CONVERSION = YES;
				CLANG_WARN_NON_LITERAL_NULL_CONVERSION = YES;
				CLANG_WARN_OBJC_IMPLICIT_RETAIN_SELF = YES;
				CLANG_WARN_OBJC_LITERAL_CONVERSION = YES;
				CLANG_WARN_OBJC_ROOT_CLASS = YES_ERROR;
				CLANG_WARN_RANGE_LOOP_ANALYSIS = YES;
				CLANG_WARN_STRICT_PROTOTYPES = YES;
				CLANG_WARN_SUSPICIOUS_MOVE = YES;
				CLANG_WARN_UNGUARDED_AVAILABILITY = YES_AGGRESSIVE;
				CLANG_WARN_UNREACHABLE_CODE = YES;
				CLANG_WARN__DUPLICATE_METHOD_MATCH = YES;
				CODE_SIGN_IDENTITY = "iPhone Developer";
				COPY_PHASE_STRIP = NO;
				DEBUG_INFORMATION_FORMAT = "dwarf-with-dsym";
				ENABLE_NS_ASSERTIONS = NO;
				ENABLE_STRICT_OBJC_MSGSEND = YES;
				GCC_C_LANGUAGE_STANDARD = gnu11;
				GCC_NO_COMMON_BLOCKS = YES;
				GCC_WARN_64_TO_32_BIT_CONVERSION = YES;
				GCC_WARN_ABOUT_RETURN_TYPE = YES_ERROR;
				GCC_WARN_UNDECLARED_SELECTOR = YES;
				GCC_WARN_UNINITIALIZED_AUTOS = YES_AGGRESSIVE;
				GCC_WARN_UNUSED_FUNCTION = YES;
				GCC_WARN_UNUSED_VARIABLE = YES;
				IPHONEOS_DEPLOYMENT_TARGET = 11.4;
				MTL_ENABLE_DEBUG_INFO = NO;
				SDKROOT = iphoneos;
				SWIFT_COMPILATION_MODE = wholemodule;
				SWIFT_OPTIMIZATION_LEVEL = "-O";
				VALIDATE_PRODUCT = YES;
			};
			name = Release;
		};
		681BD50C21509652007223D6 /* Debug */ = {
			isa = XCBuildConfiguration;
			baseConfigurationReference = 0AC995D3119AED0A3318CA5F /* Pods-NZQBaseKit.debug.xcconfig */;
			buildSettings = {
				ASSETCATALOG_COMPILER_APPICON_NAME = AppIcon;
				CODE_SIGN_IDENTITY = "iPhone Developer";
				CODE_SIGN_STYLE = Automatic;
				DEVELOPMENT_TEAM = "";
				FRAMEWORK_SEARCH_PATHS = (
					"$(inherited)",
					"$(PROJECT_DIR)/NZQBaseKit/Framework",
				);
				INFOPLIST_FILE = NZQBaseKit/Info.plist;
				LD_RUNPATH_SEARCH_PATHS = (
					"$(inherited)",
					"@executable_path/Frameworks",
				);
				PRODUCT_BUNDLE_IDENTIFIER = com.lyrci.ioser.NZQBaseKit;
				PRODUCT_NAME = "$(TARGET_NAME)";
				PROVISIONING_PROFILE_SPECIFIER = "";
				SWIFT_VERSION = 4.2;
				TARGETED_DEVICE_FAMILY = "1,2";
			};
			name = Debug;
		};
		681BD50D21509652007223D6 /* Release */ = {
			isa = XCBuildConfiguration;
			baseConfigurationReference = 6C92A980CF660660F8A96702 /* Pods-NZQBaseKit.release.xcconfig */;
			buildSettings = {
				ASSETCATALOG_COMPILER_APPICON_NAME = AppIcon;
				CODE_SIGN_IDENTITY = "iPhone Developer";
				CODE_SIGN_STYLE = Automatic;
				DEVELOPMENT_TEAM = "";
				FRAMEWORK_SEARCH_PATHS = (
					"$(inherited)",
					"$(PROJECT_DIR)/NZQBaseKit/Framework",
				);
				INFOPLIST_FILE = NZQBaseKit/Info.plist;
				LD_RUNPATH_SEARCH_PATHS = (
					"$(inherited)",
					"@executable_path/Frameworks",
				);
				PRODUCT_BUNDLE_IDENTIFIER = com.lyrci.ioser.NZQBaseKit;
				PRODUCT_NAME = "$(TARGET_NAME)";
				PROVISIONING_PROFILE_SPECIFIER = "";
				SWIFT_VERSION = 4.2;
				TARGETED_DEVICE_FAMILY = "1,2";
			};
			name = Release;
		};
		681BD50F21509652007223D6 /* Debug */ = {
			isa = XCBuildConfiguration;
			baseConfigurationReference = 7BCC2335C06A1ABA66370F3F /* Pods-NZQBaseKitTests.debug.xcconfig */;
			buildSettings = {
				ALWAYS_EMBED_SWIFT_STANDARD_LIBRARIES = YES;
				BUNDLE_LOADER = "$(TEST_HOST)";
				CODE_SIGN_STYLE = Automatic;
				DEVELOPMENT_TEAM = 2T4HE96GYT;
				INFOPLIST_FILE = NZQBaseKitTests/Info.plist;
				LD_RUNPATH_SEARCH_PATHS = (
					"$(inherited)",
					"@executable_path/Frameworks",
					"@loader_path/Frameworks",
				);
				PRODUCT_BUNDLE_IDENTIFIER = com.lyrci.nzq.ioser.NZQBaseKitTests;
				PRODUCT_NAME = "$(TARGET_NAME)";
				SWIFT_VERSION = 4.2;
				TARGETED_DEVICE_FAMILY = "1,2";
				TEST_HOST = "$(BUILT_PRODUCTS_DIR)/NZQBaseKit.app/NZQBaseKit";
			};
			name = Debug;
		};
		681BD51021509652007223D6 /* Release */ = {
			isa = XCBuildConfiguration;
			baseConfigurationReference = D06ACD84F8631E8C5624B63B /* Pods-NZQBaseKitTests.release.xcconfig */;
			buildSettings = {
				ALWAYS_EMBED_SWIFT_STANDARD_LIBRARIES = YES;
				BUNDLE_LOADER = "$(TEST_HOST)";
				CODE_SIGN_STYLE = Automatic;
				DEVELOPMENT_TEAM = 2T4HE96GYT;
				INFOPLIST_FILE = NZQBaseKitTests/Info.plist;
				LD_RUNPATH_SEARCH_PATHS = (
					"$(inherited)",
					"@executable_path/Frameworks",
					"@loader_path/Frameworks",
				);
				PRODUCT_BUNDLE_IDENTIFIER = com.lyrci.nzq.ioser.NZQBaseKitTests;
				PRODUCT_NAME = "$(TARGET_NAME)";
				SWIFT_VERSION = 4.2;
				TARGETED_DEVICE_FAMILY = "1,2";
				TEST_HOST = "$(BUILT_PRODUCTS_DIR)/NZQBaseKit.app/NZQBaseKit";
			};
			name = Release;
		};
		681BD51221509652007223D6 /* Debug */ = {
			isa = XCBuildConfiguration;
			buildSettings = {
				ALWAYS_EMBED_SWIFT_STANDARD_LIBRARIES = YES;
				CODE_SIGN_STYLE = Automatic;
				DEVELOPMENT_TEAM = 2T4HE96GYT;
				INFOPLIST_FILE = NZQBaseKitUITests/Info.plist;
				LD_RUNPATH_SEARCH_PATHS = (
					"$(inherited)",
					"@executable_path/Frameworks",
					"@loader_path/Frameworks",
				);
				PRODUCT_BUNDLE_IDENTIFIER = com.lyrci.nzq.ioser.NZQBaseKitUITests;
				PRODUCT_NAME = "$(TARGET_NAME)";
				SWIFT_VERSION = 4.2;
				TARGETED_DEVICE_FAMILY = "1,2";
				TEST_TARGET_NAME = NZQBaseKit;
			};
			name = Debug;
		};
		681BD51321509652007223D6 /* Release */ = {
			isa = XCBuildConfiguration;
			buildSettings = {
				ALWAYS_EMBED_SWIFT_STANDARD_LIBRARIES = YES;
				CODE_SIGN_STYLE = Automatic;
				DEVELOPMENT_TEAM = 2T4HE96GYT;
				INFOPLIST_FILE = NZQBaseKitUITests/Info.plist;
				LD_RUNPATH_SEARCH_PATHS = (
					"$(inherited)",
					"@executable_path/Frameworks",
					"@loader_path/Frameworks",
				);
				PRODUCT_BUNDLE_IDENTIFIER = com.lyrci.nzq.ioser.NZQBaseKitUITests;
				PRODUCT_NAME = "$(TARGET_NAME)";
				SWIFT_VERSION = 4.2;
				TARGETED_DEVICE_FAMILY = "1,2";
				TEST_TARGET_NAME = NZQBaseKit;
			};
			name = Release;
		};
/* End XCBuildConfiguration section */

/* Begin XCConfigurationList section */
		681BD4DE21509651007223D6 /* Build configuration list for PBXProject "NZQBaseKit" */ = {
			isa = XCConfigurationList;
			buildConfigurations = (
				681BD50921509652007223D6 /* Debug */,
				681BD50A21509652007223D6 /* Release */,
			);
			defaultConfigurationIsVisible = 0;
			defaultConfigurationName = Release;
		};
		681BD50B21509652007223D6 /* Build configuration list for PBXNativeTarget "NZQBaseKit" */ = {
			isa = XCConfigurationList;
			buildConfigurations = (
				681BD50C21509652007223D6 /* Debug */,
				681BD50D21509652007223D6 /* Release */,
			);
			defaultConfigurationIsVisible = 0;
			defaultConfigurationName = Release;
		};
		681BD50E21509652007223D6 /* Build configuration list for PBXNativeTarget "NZQBaseKitTests" */ = {
			isa = XCConfigurationList;
			buildConfigurations = (
				681BD50F21509652007223D6 /* Debug */,
				681BD51021509652007223D6 /* Release */,
			);
			defaultConfigurationIsVisible = 0;
			defaultConfigurationName = Release;
		};
		681BD51121509652007223D6 /* Build configuration list for PBXNativeTarget "NZQBaseKitUITests" */ = {
			isa = XCConfigurationList;
			buildConfigurations = (
				681BD51221509652007223D6 /* Debug */,
				681BD51321509652007223D6 /* Release */,
			);
			defaultConfigurationIsVisible = 0;
			defaultConfigurationName = Release;
		};
/* End XCConfigurationList section */
	};
	rootObject = 681BD4DB21509651007223D6 /* Project object */;
}
